
Microsoft Visual Studio Solution File, Format Version 12.00
# Visual Studio Version 17
VisualStudioVersion = 17.5.002.0
MinimumVisualStudioVersion = 10.0.40219.1
Project("{9A19103F-16F7-4668-BE54-9A1E7A4F7556}") = "InstructionalSplitter", "InstructionalSplitter.csproj", "{190656E4-4F31-4B50-B40D-E8703808352B}"
EndProject
Global
	GlobalSection(SolutionConfigurationPlatforms) = preSolution
		Debug|Any CPU = Debug|Any CPU
		Release|Any CPU = Release|Any CPU
	EndGlobalSection
	GlobalSection(ProjectConfigurationPlatforms) = postSolution
		{190656E4-4F31-4B50-B40D-E8703808352B}.Debug|Any CPU.ActiveCfg = Debug|Any CPU
		{190656E4-4F31-4B50-B40D-E8703808352B}.Debug|Any CPU.Build.0 = Debug|Any CPU
		{190656E4-4F31-4B50-B40D-E8703808352B}.Release|Any CPU.ActiveCfg = Release|Any CPU
		{190656E4-4F31-4B50-B40D-E8703808352B}.Release|Any CPU.Build.0 = Release|Any CPU
	EndGlobalSection
	GlobalSection(SolutionProperties) = preSolution
		HideSolutionNode = FALSE
	EndGlobalSection
	GlobalSection(ExtensibilityGlobals) = postSolution
		SolutionGuid = {3ED592DC-57FA-4338-A971-510128B4B488}
	EndGlobalSection
EndGlobal
